
Microsoft Visual Studio Solution File, Format Version 12.00
# Visual Studio Version 17
VisualStudioVersion = 17.5.2.0
MinimumVisualStudioVersion = 10.0.40219.1
Project("{FAE04EC0-301F-11D3-BF4B-00C04F79EFBC}") = "SalesPilot.Api", "SalesPilot.Api\SalesPilot.Api.csproj", "{1573D677-A1C8-7E2D-8D70-55F7BAE792D3}"
EndProject
Project("{FAE04EC0-301F-11D3-BF4B-00C04F79EFBC}") = "SalesPilot.Api.Tests", "SalesPilot.Api.Tests\SalesPilot.Api.Tests.csproj", "{796651B5-9F20-48A7-BC56-63ED64772C6D}"
EndProject
Global
	GlobalSection(SolutionConfigurationPlatforms) = preSolution
		Debug|Any CPU = Debug|Any CPU
		Debug|x64 = Debug|x64
		Debug|x86 = Debug|x86
		Release|Any CPU = Release|Any CPU
		Release|x64 = Release|x64
		Release|x86 = Release|x86
	EndGlobalSection
	GlobalSection(ProjectConfigurationPlatforms) = postSolution
		{1573D677-A1C8-7E2D-8D70-55F7BAE792D3}.Debug|Any CPU.ActiveCfg = Debug|Any CPU
		{1573D677-A1C8-7E2D-8D70-55F7BAE792D3}.Debug|Any CPU.Build.0 = Debug|Any CPU
		{1573D677-A1C8-7E2D-8D70-55F7BAE792D3}.Debug|x64.ActiveCfg = Debug|Any CPU
		{1573D677-A1C8-7E2D-8D70-55F7BAE792D3}.Debug|x64.Build.0 = Debug|Any CPU
		{1573D677-A1C8-7E2D-8D70-55F7BAE792D3}.Debug|x86.ActiveCfg = Debug|Any CPU
		{1573D677-A1C8-7E2D-8D70-55F7BAE792D3}.Debug|x86.Build.0 = Debug|Any CPU
		{1573D677-A1C8-7E2D-8D70-55F7BAE792D3}.Release|Any CPU.ActiveCfg = Release|Any CPU
		{1573D677-A1C8-7E2D-8D70-55F7BAE792D3}.Release|Any CPU.Build.0 = Release|Any CPU
		{1573D677-A1C8-7E2D-8D70-55F7BAE792D3}.Release|x64.ActiveCfg = Release|Any CPU
		{1573D677-A1C8-7E2D-8D70-55F7BAE792D3}.Release|x64.Build.0 = Release|Any CPU
		{1573D677-A1C8-7E2D-8D70-55F7BAE792D3}.Release|x86.ActiveCfg = Release|Any CPU
		{1573D677-A1C8-7E2D-8D70-55F7BAE792D3}.Release|x86.Build.0 = Release|Any CPU
		{796651B5-9F20-48A7-BC56-63ED64772C6D}.Debug|Any CPU.ActiveCfg = Debug|Any CPU
		{796651B5-9F20-48A7-BC56-63ED64772C6D}.Debug|Any CPU.Build.0 = Debug|Any CPU
		{796651B5-9F20-48A7-BC56-63ED64772C6D}.Debug|x64.ActiveCfg = Debug|Any CPU
		{796651B5-9F20-48A7-BC56-63ED64772C6D}.Debug|x64.Build.0 = Debug|Any CPU
		{796651B5-9F20-48A7-BC56-63ED64772C6D}.Debug|x86.ActiveCfg = Debug|Any CPU
		{796651B5-9F20-48A7-BC56-63ED64772C6D}.Debug|x86.Build.0 = Debug|Any CPU
		{796651B5-9F20-48A7-BC56-63ED64772C6D}.Release|Any CPU.ActiveCfg = Release|Any CPU
		{796651B5-9F20-48A7-BC56-63ED64772C6D}.Release|Any CPU.Build.0 = Release|Any CPU
		{796651B5-9F20-48A7-BC56-63ED64772C6D}.Release|x64.ActiveCfg = Release|Any CPU
		{796651B5-9F20-48A7-BC56-63ED64772C6D}.Release|x64.Build.0 = Release|Any CPU
		{796651B5-9F20-48A7-BC56-63ED64772C6D}.Release|x86.ActiveCfg = Release|Any CPU
		{796651B5-9F20-48A7-BC56-63ED64772C6D}.Release|x86.Build.0 = Release|Any CPU
	EndGlobalSection
	GlobalSection(SolutionProperties) = preSolution
		HideSolutionNode = FALSE
	EndGlobalSection
	GlobalSection(ExtensibilityGlobals) = postSolution
		SolutionGuid = {5F38B033-DD2A-45CB-B0B9-967703F85E60}
	EndGlobalSection
EndGlobal
